
Microsoft Visual Studio Solution File, Format Version 12.00
# Visual Studio Version 16
VisualStudioVersion = 16.0.31424.327
MinimumVisualStudioVersion = 10.0.40219.1
Project("{FAE04EC0-301F-11D3-BF4B-00C04F79EFBC}") = "LiveChat", "LiveChat\LiveChat.csproj", "{AFDB4F6D-0979-4903-B0DD-8730D4534449}"
EndProject
Global
	GlobalSection(SolutionConfigurationPlatforms) = preSolution
		Debug|Any CPU = Debug|Any CPU
		Release|Any CPU = Release|Any CPU
	EndGlobalSection
	GlobalSection(ProjectConfigurationPlatforms) = postSolution
		{AFDB4F6D-0979-4903-B0DD-8730D4534449}.Debug|Any CPU.ActiveCfg = Debug|Any CPU
		{AFDB4F6D-0979-4903-B0DD-8730D4534449}.Debug|Any CPU.Build.0 = Debug|Any CPU
		{AFDB4F6D-0979-4903-B0DD-8730D4534449}.Release|Any CPU.ActiveCfg = Release|Any CPU
		{AFDB4F6D-0979-4903-B0DD-8730D4534449}.Release|Any CPU.Build.0 = Release|Any CPU
	EndGlobalSection
	GlobalSection(SolutionProperties) = preSolution
		HideSolutionNode = FALSE
	EndGlobalSection
	GlobalSection(ExtensibilityGlobals) = postSolution
		SolutionGuid = {1ED22E9F-B6D8-4F45-9210-D45255090305}
	EndGlobalSection
EndGlobal
